
Microsoft Visual Studio Solution File, Format Version 12.00
# Visual Studio Version 17
VisualStudioVersion = 17.14.36401.2 d17.14
MinimumVisualStudioVersion = 10.0.40219.1
Project("{FAE04EC0-301F-11D3-BF4B-00C04F79EFBC}") = "tutorial2_4", "tutorial2_4\tutorial2_4.csproj", "{B7F966AE-4A60-4EC0-8D96-155297D85FB1}"
EndProject
Global
	GlobalSection(SolutionConfigurationPlatforms) = preSolution
		Debug|Any CPU = Debug|Any CPU
		Release|Any CPU = Release|Any CPU
	EndGlobalSection
	GlobalSection(ProjectConfigurationPlatforms) = postSolution
		{B7F966AE-4A60-4EC0-8D96-155297D85FB1}.Debug|Any CPU.ActiveCfg = Debug|Any CPU
		{B7F966AE-4A60-4EC0-8D96-155297D85FB1}.Debug|Any CPU.Build.0 = Debug|Any CPU
		{B7F966AE-4A60-4EC0-8D96-155297D85FB1}.Release|Any CPU.ActiveCfg = Release|Any CPU
		{B7F966AE-4A60-4EC0-8D96-155297D85FB1}.Release|Any CPU.Build.0 = Release|Any CPU
	EndGlobalSection
	GlobalSection(SolutionProperties) = preSolution
		HideSolutionNode = FALSE
	EndGlobalSection
	GlobalSection(ExtensibilityGlobals) = postSolution
		SolutionGuid = {6837F6E7-F8F0-4006-BA2E-E93A430C4E5C}
	EndGlobalSection
EndGlobal
