
Microsoft Visual Studio Solution File, Format Version 12.00
# Visual Studio Version 17
VisualStudioVersion = 17.14.36401.2 d17.14
MinimumVisualStudioVersion = 10.0.40219.1
Project("{FAE04EC0-301F-11D3-BF4B-00C04F79EFBC}") = "Cookie Calories", "Cookie Calories\Cookie Calories.csproj", "{8026D22C-40CF-447D-B25C-2D39FE00BD98}"
EndProject
Global
	GlobalSection(SolutionConfigurationPlatforms) = preSolution
		Debug|Any CPU = Debug|Any CPU
		Release|Any CPU = Release|Any CPU
	EndGlobalSection
	GlobalSection(ProjectConfigurationPlatforms) = postSolution
		{8026D22C-40CF-447D-B25C-2D39FE00BD98}.Debug|Any CPU.ActiveCfg = Debug|Any CPU
		{8026D22C-40CF-447D-B25C-2D39FE00BD98}.Debug|Any CPU.Build.0 = Debug|Any CPU
		{8026D22C-40CF-447D-B25C-2D39FE00BD98}.Release|Any CPU.ActiveCfg = Release|Any CPU
		{8026D22C-40CF-447D-B25C-2D39FE00BD98}.Release|Any CPU.Build.0 = Release|Any CPU
	EndGlobalSection
	GlobalSection(SolutionProperties) = preSolution
		HideSolutionNode = FALSE
	EndGlobalSection
	GlobalSection(ExtensibilityGlobals) = postSolution
		SolutionGuid = {303B8A03-448D-44B5-BA8D-D738AC933FF7}
	EndGlobalSection
EndGlobal
